
Microsoft Visual Studio Solution File, Format Version 12.00
# Visual Studio 15
VisualStudioVersion = 15.0.28306.52
MinimumVisualStudioVersion = 10.0.40219.1
Project("{FAE04EC0-301F-11D3-BF4B-00C04F79EFBC}") = "LinnworksSales.WebApi", "LinnworksSales.WebApi\LinnworksSales.WebApi.csproj", "{9819C138-FF2B-4E1C-AACA-690E43AD2E8D}"
EndProject
Project("{FAE04EC0-301F-11D3-BF4B-00C04F79EFBC}") = "LinnworksSales.Data", "LinnworksSales.Data\LinnworksSales.Data.csproj", "{A16E4153-3EBA-4932-9BA9-487CB61ADF31}"
EndProject
Global
	GlobalSection(SolutionConfigurationPlatforms) = preSolution
		Debug|Any CPU = Debug|Any CPU
		Release|Any CPU = Release|Any CPU
	EndGlobalSection
	GlobalSection(ProjectConfigurationPlatforms) = postSolution
		{9819C138-FF2B-4E1C-AACA-690E43AD2E8D}.Debug|Any CPU.ActiveCfg = Debug|Any CPU
		{9819C138-FF2B-4E1C-AACA-690E43AD2E8D}.Debug|Any CPU.Build.0 = Debug|Any CPU
		{9819C138-FF2B-4E1C-AACA-690E43AD2E8D}.Release|Any CPU.ActiveCfg = Release|Any CPU
		{9819C138-FF2B-4E1C-AACA-690E43AD2E8D}.Release|Any CPU.Build.0 = Release|Any CPU
		{A16E4153-3EBA-4932-9BA9-487CB61ADF31}.Debug|Any CPU.ActiveCfg = Debug|Any CPU
		{A16E4153-3EBA-4932-9BA9-487CB61ADF31}.Debug|Any CPU.Build.0 = Debug|Any CPU
		{A16E4153-3EBA-4932-9BA9-487CB61ADF31}.Release|Any CPU.ActiveCfg = Release|Any CPU
		{A16E4153-3EBA-4932-9BA9-487CB61ADF31}.Release|Any CPU.Build.0 = Release|Any CPU
	EndGlobalSection
	GlobalSection(SolutionProperties) = preSolution
		HideSolutionNode = FALSE
	EndGlobalSection
	GlobalSection(ExtensibilityGlobals) = postSolution
		SolutionGuid = {96588667-EBBC-4FB4-A3C8-7DD4476EA5B9}
	EndGlobalSection
EndGlobal
